
Microsoft Visual Studio Solution File, Format Version 12.00
Project("{FAE04EC0-301F-11D3-BF4B-00C04F79EFBC}") = "rowSort", "rowSort\rowSort.csproj", "{AD36FCA4-CF7D-4BC1-A601-ABD30C56DBB4}"
EndProject
Project("{FAE04EC0-301F-11D3-BF4B-00C04F79EFBC}") = "MazePath", "MazePath\MazePath.csproj", "{1357F9BE-8570-47D0-8F86-7822DEAD6D3E}"
EndProject
Global
	GlobalSection(SolutionConfigurationPlatforms) = preSolution
		Debug|Any CPU = Debug|Any CPU
		Release|Any CPU = Release|Any CPU
	EndGlobalSection
	GlobalSection(ProjectConfigurationPlatforms) = postSolution
		{AD36FCA4-CF7D-4BC1-A601-ABD30C56DBB4}.Debug|Any CPU.ActiveCfg = Debug|Any CPU
		{AD36FCA4-CF7D-4BC1-A601-ABD30C56DBB4}.Debug|Any CPU.Build.0 = Debug|Any CPU
		{AD36FCA4-CF7D-4BC1-A601-ABD30C56DBB4}.Release|Any CPU.ActiveCfg = Release|Any CPU
		{AD36FCA4-CF7D-4BC1-A601-ABD30C56DBB4}.Release|Any CPU.Build.0 = Release|Any CPU
		{1357F9BE-8570-47D0-8F86-7822DEAD6D3E}.Debug|Any CPU.ActiveCfg = Debug|Any CPU
		{1357F9BE-8570-47D0-8F86-7822DEAD6D3E}.Debug|Any CPU.Build.0 = Debug|Any CPU
		{1357F9BE-8570-47D0-8F86-7822DEAD6D3E}.Release|Any CPU.ActiveCfg = Release|Any CPU
		{1357F9BE-8570-47D0-8F86-7822DEAD6D3E}.Release|Any CPU.Build.0 = Release|Any CPU
	EndGlobalSection
EndGlobal
